
Microsoft Visual Studio Solution File, Format Version 12.00
# Visual Studio Version 17
VisualStudioVersion = 17.9.34728.123
MinimumVisualStudioVersion = 10.0.40219.1
Project("{FAE04EC0-301F-11D3-BF4B-00C04F79EFBC}") = "Task 19.05 release", "Task 19.05 release\Task 19.05 release.csproj", "{679DE034-C541-4580-B434-A78F5330DE32}"
EndProject
Global
	GlobalSection(SolutionConfigurationPlatforms) = preSolution
		Debug|Any CPU = Debug|Any CPU
		Release|Any CPU = Release|Any CPU
	EndGlobalSection
	GlobalSection(ProjectConfigurationPlatforms) = postSolution
		{679DE034-C541-4580-B434-A78F5330DE32}.Debug|Any CPU.ActiveCfg = Debug|Any CPU
		{679DE034-C541-4580-B434-A78F5330DE32}.Debug|Any CPU.Build.0 = Debug|Any CPU
		{679DE034-C541-4580-B434-A78F5330DE32}.Release|Any CPU.ActiveCfg = Release|Any CPU
		{679DE034-C541-4580-B434-A78F5330DE32}.Release|Any CPU.Build.0 = Release|Any CPU
	EndGlobalSection
	GlobalSection(SolutionProperties) = preSolution
		HideSolutionNode = FALSE
	EndGlobalSection
	GlobalSection(ExtensibilityGlobals) = postSolution
		SolutionGuid = {F54D3C09-16BE-4BE2-AB44-D47F3EEF3FA7}
	EndGlobalSection
EndGlobal
